
Microsoft Visual Studio Solution File, Format Version 12.00
# Visual Studio 2017
Project("{FAE04EC0-301F-11D3-BF4B-00C04F79EFBC}") = "Platformer #1.Plugins", "Platformer #1.Plugins.csproj", "{2D3F0AC6-66D5-B95D-8745-A02B43CA84BD}"
EndProject
Project("{FAE04EC0-301F-11D3-BF4B-00C04F79EFBC}") = "Platformer #1", "Platformer #1.csproj", "{41424E1F-A376-D2C2-2719-91850ECCB874}"
EndProject
Project("{FAE04EC0-301F-11D3-BF4B-00C04F79EFBC}") = "Platformer #1.Editor.Plugins", "Platformer #1.Editor.Plugins.csproj", "{7D078AD4-8379-655C-2480-000692A32236}"
EndProject
Global
	GlobalSection(SolutionConfigurationPlatforms) = preSolution
		Debug|Any CPU = Debug|Any CPU
		Release|Any CPU = Release|Any CPU
	EndGlobalSection
	GlobalSection(ProjectConfigurationPlatforms) = postSolution
		{2D3F0AC6-66D5-B95D-8745-A02B43CA84BD}.Debug|Any CPU.ActiveCfg = Debug|Any CPU
		{2D3F0AC6-66D5-B95D-8745-A02B43CA84BD}.Debug|Any CPU.Build.0 = Debug|Any CPU
		{2D3F0AC6-66D5-B95D-8745-A02B43CA84BD}.Release|Any CPU.ActiveCfg = Release|Any CPU
		{2D3F0AC6-66D5-B95D-8745-A02B43CA84BD}.Release|Any CPU.Build.0 = Release|Any CPU
		{41424E1F-A376-D2C2-2719-91850ECCB874}.Debug|Any CPU.ActiveCfg = Debug|Any CPU
		{41424E1F-A376-D2C2-2719-91850ECCB874}.Debug|Any CPU.Build.0 = Debug|Any CPU
		{41424E1F-A376-D2C2-2719-91850ECCB874}.Release|Any CPU.ActiveCfg = Release|Any CPU
		{41424E1F-A376-D2C2-2719-91850ECCB874}.Release|Any CPU.Build.0 = Release|Any CPU
		{7D078AD4-8379-655C-2480-000692A32236}.Debug|Any CPU.ActiveCfg = Debug|Any CPU
		{7D078AD4-8379-655C-2480-000692A32236}.Debug|Any CPU.Build.0 = Debug|Any CPU
		{7D078AD4-8379-655C-2480-000692A32236}.Release|Any CPU.ActiveCfg = Release|Any CPU
		{7D078AD4-8379-655C-2480-000692A32236}.Release|Any CPU.Build.0 = Release|Any CPU
	EndGlobalSection
	GlobalSection(SolutionProperties) = preSolution
		HideSolutionNode = FALSE
	EndGlobalSection
EndGlobal
